
Microsoft Visual Studio Solution File, Format Version 12.00
# Visual Studio Version 16
VisualStudioVersion = 16.0.30114.105
MinimumVisualStudioVersion = 10.0.40219.1
Project("{FAE04EC0-301F-11D3-BF4B-00C04F79EFBC}") = "JarvisMarchConvexHull", "JarvisMarchConvexHull\JarvisMarchConvexHull.csproj", "{192B378E-AE4F-4B73-9CD2-22C5ECB0D762}"
EndProject
Global
	GlobalSection(SolutionConfigurationPlatforms) = preSolution
		Debug|Any CPU = Debug|Any CPU
		Release|Any CPU = Release|Any CPU
	EndGlobalSection
	GlobalSection(ProjectConfigurationPlatforms) = postSolution
		{192B378E-AE4F-4B73-9CD2-22C5ECB0D762}.Debug|Any CPU.ActiveCfg = Debug|Any CPU
		{192B378E-AE4F-4B73-9CD2-22C5ECB0D762}.Debug|Any CPU.Build.0 = Debug|Any CPU
		{192B378E-AE4F-4B73-9CD2-22C5ECB0D762}.Release|Any CPU.ActiveCfg = Release|Any CPU
		{192B378E-AE4F-4B73-9CD2-22C5ECB0D762}.Release|Any CPU.Build.0 = Release|Any CPU
	EndGlobalSection
	GlobalSection(SolutionProperties) = preSolution
		HideSolutionNode = FALSE
	EndGlobalSection
	GlobalSection(ExtensibilityGlobals) = postSolution
		SolutionGuid = {6F1E08BC-31D4-4948-B678-4BC73EE695B1}
	EndGlobalSection
EndGlobal
